
Microsoft Visual Studio Solution File, Format Version 12.00
# Visual Studio 2013
VisualStudioVersion = 12.0.40629.0
MinimumVisualStudioVersion = 10.0.40219.1
Project("{8BC9CEB8-8B4A-11D0-8D11-00A0C91BC942}") = "FMS LIB", "FMS5776_7897_4726\FMS5776_7897_4726.vcxproj", "{16BBAA6E-7A37-4ED8-9176-89B87205C025}"
EndProject
Project("{8BC9CEB8-8B4A-11D0-8D11-00A0C91BC942}") = "FMS DLL", "FMS DLL\FMS DLL.vcxproj", "{F8344B33-EB42-4087-9CD5-41C6BC688244}"
EndProject
Project("{FAE04EC0-301F-11D3-BF4B-00C04F79EFBC}") = "FMS adapter", "FMS adapter\FMS adapter.csproj", "{56121452-36F5-4E34-B4A1-1F5D791CD94C}"
EndProject
Project("{FAE04EC0-301F-11D3-BF4B-00C04F79EFBC}") = "FMS GUI", "FMS GUI\FMS GUI.csproj", "{14DBC964-A678-4E6A-AF42-90B555080D9E}"
EndProject
Global
	GlobalSection(SolutionConfigurationPlatforms) = preSolution
		Debug|Any CPU = Debug|Any CPU
		Debug|ARM = Debug|ARM
		Debug|Mixed Platforms = Debug|Mixed Platforms
		Debug|Win32 = Debug|Win32
		Release|Any CPU = Release|Any CPU
		Release|ARM = Release|ARM
		Release|Mixed Platforms = Release|Mixed Platforms
		Release|Win32 = Release|Win32
	EndGlobalSection
	GlobalSection(ProjectConfigurationPlatforms) = postSolution
		{16BBAA6E-7A37-4ED8-9176-89B87205C025}.Debug|Any CPU.ActiveCfg = Debug|Win32
		{16BBAA6E-7A37-4ED8-9176-89B87205C025}.Debug|ARM.ActiveCfg = Debug|Win32
		{16BBAA6E-7A37-4ED8-9176-89B87205C025}.Debug|ARM.Build.0 = Debug|Win32
		{16BBAA6E-7A37-4ED8-9176-89B87205C025}.Debug|Mixed Platforms.ActiveCfg = Debug|Win32
		{16BBAA6E-7A37-4ED8-9176-89B87205C025}.Debug|Mixed Platforms.Build.0 = Debug|Win32
		{16BBAA6E-7A37-4ED8-9176-89B87205C025}.Debug|Win32.ActiveCfg = Debug|Win32
		{16BBAA6E-7A37-4ED8-9176-89B87205C025}.Debug|Win32.Build.0 = Debug|Win32
		{16BBAA6E-7A37-4ED8-9176-89B87205C025}.Release|Any CPU.ActiveCfg = Release|Win32
		{16BBAA6E-7A37-4ED8-9176-89B87205C025}.Release|ARM.ActiveCfg = Debug|Win32
		{16BBAA6E-7A37-4ED8-9176-89B87205C025}.Release|ARM.Build.0 = Debug|Win32
		{16BBAA6E-7A37-4ED8-9176-89B87205C025}.Release|Mixed Platforms.ActiveCfg = Release|Win32
		{16BBAA6E-7A37-4ED8-9176-89B87205C025}.Release|Mixed Platforms.Build.0 = Release|Win32
		{16BBAA6E-7A37-4ED8-9176-89B87205C025}.Release|Win32.ActiveCfg = Release|Win32
		{16BBAA6E-7A37-4ED8-9176-89B87205C025}.Release|Win32.Build.0 = Release|Win32
		{16BBAA6E-7A37-4ED8-9176-89B87205C025}.Release|Win32.Deploy.0 = Release|Win32
		{F8344B33-EB42-4087-9CD5-41C6BC688244}.Debug|Any CPU.ActiveCfg = Debug|Win32
		{F8344B33-EB42-4087-9CD5-41C6BC688244}.Debug|ARM.ActiveCfg = Debug|Win32
		{F8344B33-EB42-4087-9CD5-41C6BC688244}.Debug|Mixed Platforms.ActiveCfg = Debug|Win32
		{F8344B33-EB42-4087-9CD5-41C6BC688244}.Debug|Mixed Platforms.Build.0 = Debug|Win32
		{F8344B33-EB42-4087-9CD5-41C6BC688244}.Debug|Win32.ActiveCfg = Debug|Win32
		{F8344B33-EB42-4087-9CD5-41C6BC688244}.Debug|Win32.Build.0 = Debug|Win32
		{F8344B33-EB42-4087-9CD5-41C6BC688244}.Release|Any CPU.ActiveCfg = Release|Win32
		{F8344B33-EB42-4087-9CD5-41C6BC688244}.Release|ARM.ActiveCfg = Release|Win32
		{F8344B33-EB42-4087-9CD5-41C6BC688244}.Release|Mixed Platforms.ActiveCfg = Release|Win32
		{F8344B33-EB42-4087-9CD5-41C6BC688244}.Release|Mixed Platforms.Build.0 = Release|Win32
		{F8344B33-EB42-4087-9CD5-41C6BC688244}.Release|Win32.ActiveCfg = Release|Win32
		{F8344B33-EB42-4087-9CD5-41C6BC688244}.Release|Win32.Build.0 = Release|Win32
		{56121452-36F5-4E34-B4A1-1F5D791CD94C}.Debug|Any CPU.ActiveCfg = Debug|Any CPU
		{56121452-36F5-4E34-B4A1-1F5D791CD94C}.Debug|Any CPU.Build.0 = Debug|Any CPU
		{56121452-36F5-4E34-B4A1-1F5D791CD94C}.Debug|ARM.ActiveCfg = Debug|Any CPU
		{56121452-36F5-4E34-B4A1-1F5D791CD94C}.Debug|Mixed Platforms.ActiveCfg = Debug|Any CPU
		{56121452-36F5-4E34-B4A1-1F5D791CD94C}.Debug|Mixed Platforms.Build.0 = Debug|Any CPU
		{56121452-36F5-4E34-B4A1-1F5D791CD94C}.Debug|Win32.ActiveCfg = Debug|Any CPU
		{56121452-36F5-4E34-B4A1-1F5D791CD94C}.Release|Any CPU.ActiveCfg = Release|Any CPU
		{56121452-36F5-4E34-B4A1-1F5D791CD94C}.Release|Any CPU.Build.0 = Release|Any CPU
		{56121452-36F5-4E34-B4A1-1F5D791CD94C}.Release|ARM.ActiveCfg = Release|Any CPU
		{56121452-36F5-4E34-B4A1-1F5D791CD94C}.Release|Mixed Platforms.ActiveCfg = Release|Any CPU
		{56121452-36F5-4E34-B4A1-1F5D791CD94C}.Release|Mixed Platforms.Build.0 = Release|Any CPU
		{56121452-36F5-4E34-B4A1-1F5D791CD94C}.Release|Win32.ActiveCfg = Release|Any CPU
		{14DBC964-A678-4E6A-AF42-90B555080D9E}.Debug|Any CPU.ActiveCfg = Debug|Any CPU
		{14DBC964-A678-4E6A-AF42-90B555080D9E}.Debug|Any CPU.Build.0 = Debug|Any CPU
		{14DBC964-A678-4E6A-AF42-90B555080D9E}.Debug|ARM.ActiveCfg = Debug|Any CPU
		{14DBC964-A678-4E6A-AF42-90B555080D9E}.Debug|Mixed Platforms.ActiveCfg = Debug|Any CPU
		{14DBC964-A678-4E6A-AF42-90B555080D9E}.Debug|Mixed Platforms.Build.0 = Debug|Any CPU
		{14DBC964-A678-4E6A-AF42-90B555080D9E}.Debug|Win32.ActiveCfg = Debug|Any CPU
		{14DBC964-A678-4E6A-AF42-90B555080D9E}.Release|Any CPU.ActiveCfg = Release|Any CPU
		{14DBC964-A678-4E6A-AF42-90B555080D9E}.Release|Any CPU.Build.0 = Release|Any CPU
		{14DBC964-A678-4E6A-AF42-90B555080D9E}.Release|ARM.ActiveCfg = Release|Any CPU
		{14DBC964-A678-4E6A-AF42-90B555080D9E}.Release|Mixed Platforms.ActiveCfg = Release|Any CPU
		{14DBC964-A678-4E6A-AF42-90B555080D9E}.Release|Mixed Platforms.Build.0 = Release|Any CPU
		{14DBC964-A678-4E6A-AF42-90B555080D9E}.Release|Win32.ActiveCfg = Release|Any CPU
	EndGlobalSection
	GlobalSection(SolutionProperties) = preSolution
		HideSolutionNode = FALSE
	EndGlobalSection
EndGlobal
